
Microsoft Visual Studio Solution File, Format Version 12.00
# Visual Studio Version 17
VisualStudioVersion = 17.8.34525.116
MinimumVisualStudioVersion = 10.0.40219.1
Project("{F184B08F-C81C-45F6-A57F-5ABD9991F28F}") = "H.W(sql)02", "H.W(sql)02\H.W(sql)02.vbproj", "{56D868FA-47E7-4F34-8960-983C3D6DC9E8}"
EndProject
Project("{F184B08F-C81C-45F6-A57F-5ABD9991F28F}") = "clsPersonDataAccess", "..\clsPersonData\clsPersonDataAccess.vbproj", "{92B51330-AFEF-44D5-9850-853C69237A90}"
EndProject
Project("{F184B08F-C81C-45F6-A57F-5ABD9991F28F}") = "clsPerson", "..\clsPerson\clsPerson.vbproj", "{DDD29E23-C68B-49E7-8CD1-3EFC243558C2}"
EndProject
Global
	GlobalSection(SolutionConfigurationPlatforms) = preSolution
		Debug|Any CPU = Debug|Any CPU
		Release|Any CPU = Release|Any CPU
	EndGlobalSection
	GlobalSection(ProjectConfigurationPlatforms) = postSolution
		{56D868FA-47E7-4F34-8960-983C3D6DC9E8}.Debug|Any CPU.ActiveCfg = Debug|Any CPU
		{56D868FA-47E7-4F34-8960-983C3D6DC9E8}.Debug|Any CPU.Build.0 = Debug|Any CPU
		{56D868FA-47E7-4F34-8960-983C3D6DC9E8}.Release|Any CPU.ActiveCfg = Release|Any CPU
		{56D868FA-47E7-4F34-8960-983C3D6DC9E8}.Release|Any CPU.Build.0 = Release|Any CPU
		{92B51330-AFEF-44D5-9850-853C69237A90}.Debug|Any CPU.ActiveCfg = Debug|Any CPU
		{92B51330-AFEF-44D5-9850-853C69237A90}.Debug|Any CPU.Build.0 = Debug|Any CPU
		{92B51330-AFEF-44D5-9850-853C69237A90}.Release|Any CPU.ActiveCfg = Release|Any CPU
		{92B51330-AFEF-44D5-9850-853C69237A90}.Release|Any CPU.Build.0 = Release|Any CPU
		{DDD29E23-C68B-49E7-8CD1-3EFC243558C2}.Debug|Any CPU.ActiveCfg = Debug|Any CPU
		{DDD29E23-C68B-49E7-8CD1-3EFC243558C2}.Debug|Any CPU.Build.0 = Debug|Any CPU
		{DDD29E23-C68B-49E7-8CD1-3EFC243558C2}.Release|Any CPU.ActiveCfg = Release|Any CPU
		{DDD29E23-C68B-49E7-8CD1-3EFC243558C2}.Release|Any CPU.Build.0 = Release|Any CPU
	EndGlobalSection
	GlobalSection(SolutionProperties) = preSolution
		HideSolutionNode = FALSE
	EndGlobalSection
	GlobalSection(ExtensibilityGlobals) = postSolution
		SolutionGuid = {B4E13982-EA11-492E-B953-89B8DEFFC6B6}
	EndGlobalSection
EndGlobal
